
Microsoft Visual Studio Solution File, Format Version 12.00
# Visual Studio 15
VisualStudioVersion = 15.0.28307.852
MinimumVisualStudioVersion = 10.0.40219.1
Project("{FAE04EC0-301F-11D3-BF4B-00C04F79EFBC}") = "testWebASPdotNet", "testWebASPdotNet\testWebASPdotNet.csproj", "{917AA1A4-442A-4788-BCE2-A3B40239853F}"
EndProject
Project("{FAE04EC0-301F-11D3-BF4B-00C04F79EFBC}") = "UnitTestProject", "UnitTestProject\UnitTestProject.csproj", "{17396440-9F7C-47B1-9788-18B2BB23B95B}"
EndProject
Global
	GlobalSection(SolutionConfigurationPlatforms) = preSolution
		Debug|Any CPU = Debug|Any CPU
		Release|Any CPU = Release|Any CPU
	EndGlobalSection
	GlobalSection(ProjectConfigurationPlatforms) = postSolution
		{917AA1A4-442A-4788-BCE2-A3B40239853F}.Debug|Any CPU.ActiveCfg = Debug|Any CPU
		{917AA1A4-442A-4788-BCE2-A3B40239853F}.Debug|Any CPU.Build.0 = Debug|Any CPU
		{917AA1A4-442A-4788-BCE2-A3B40239853F}.Release|Any CPU.ActiveCfg = Release|Any CPU
		{917AA1A4-442A-4788-BCE2-A3B40239853F}.Release|Any CPU.Build.0 = Release|Any CPU
		{17396440-9F7C-47B1-9788-18B2BB23B95B}.Debug|Any CPU.ActiveCfg = Debug|Any CPU
		{17396440-9F7C-47B1-9788-18B2BB23B95B}.Debug|Any CPU.Build.0 = Debug|Any CPU
		{17396440-9F7C-47B1-9788-18B2BB23B95B}.Release|Any CPU.ActiveCfg = Release|Any CPU
		{17396440-9F7C-47B1-9788-18B2BB23B95B}.Release|Any CPU.Build.0 = Release|Any CPU
	EndGlobalSection
	GlobalSection(SolutionProperties) = preSolution
		HideSolutionNode = FALSE
	EndGlobalSection
	GlobalSection(ExtensibilityGlobals) = postSolution
		SolutionGuid = {4DFA3258-79ED-469E-82B9-95CBB4820DDE}
	EndGlobalSection
EndGlobal
